// !$*UTF8*$!
{
	archiveVersion = 1;
	classes = {
	};
	objectVersion = 56;
	objects = {

/* Begin PBXBuildFile section */
		7A38DE2B2B035D9E00CB49E3 /* ModeSelectorView.swift in Sources */ = {isa = PBXBuildFile; fileRef = 7A38DE2A2B035D9E00CB49E3 /* ModeSelectorView.swift */; };
		7A966DC22B0380380000946D /* QuizView.swift in Sources */ = {isa = PBXBuildFile; fileRef = 7A966DC12B0380380000946D /* QuizView.swift */; };
		7A966DC42B038BC20000946D /* CardView.swift in Sources */ = {isa = PBXBuildFile; fileRef = 7A966DC32B038BC20000946D /* CardView.swift */; };
		7ABE2DB42B020BDC00279C51 /* Trivia_AppApp.swift in Sources */ = {isa = PBXBuildFile; fileRef = 7ABE2DB32B020BDC00279C51 /* Trivia_AppApp.swift */; };
		7ABE2DB62B020BDC00279C51 /* ContentView.swift in Sources */ = {isa = PBXBuildFile; fileRef = 7ABE2DB52B020BDC00279C51 /* ContentView.swift */; };
		7ABE2DB82B020BDC00279C51 /* Assets.xcassets in Resources */ = {isa = PBXBuildFile; fileRef = 7ABE2DB72B020BDC00279C51 /* Assets.xcassets */; };
		7ABE2DBB2B020BDC00279C51 /* Preview Assets.xcassets in Resources */ = {isa = PBXBuildFile; fileRef = 7ABE2DBA2B020BDC00279C51 /* Preview Assets.xcassets */; };
		7ABE2DC32B020DC900279C51 /* NetworkClient.swift in Sources */ = {isa = PBXBuildFile; fileRef = 7ABE2DC22B020DC900279C51 /* NetworkClient.swift */; };
		7ABE2DC52B020DE100279C51 /* NetworkClientError.swift in Sources */ = {isa = PBXBuildFile; fileRef = 7ABE2DC42B020DE100279C51 /* NetworkClientError.swift */; };
		7ABE2DC72B020E5700279C51 /* URLSessionNetworkClient.swift in Sources */ = {isa = PBXBuildFile; fileRef = 7ABE2DC62B020E5700279C51 /* URLSessionNetworkClient.swift */; };
		7ABE2DCC2B02130C00279C51 /* APIResponse.swift in Sources */ = {isa = PBXBuildFile; fileRef = 7ABE2DCB2B02130C00279C51 /* APIResponse.swift */; };
		7ABE2DCE2B02158800279C51 /* Question.swift in Sources */ = {isa = PBXBuildFile; fileRef = 7ABE2DCD2B02158800279C51 /* Question.swift */; };
		7ABE2DD12B02170A00279C51 /* StringExtensions.swift in Sources */ = {isa = PBXBuildFile; fileRef = 7ABE2DD02B02170A00279C51 /* StringExtensions.swift */; };
		7ABE2DD52B02176C00279C51 /* Localizable.strings in Resources */ = {isa = PBXBuildFile; fileRef = 7ABE2DD72B02176C00279C51 /* Localizable.strings */; };
		7ABE2DDF2B021BFB00279C51 /* Coordinator.swift in Sources */ = {isa = PBXBuildFile; fileRef = 7ABE2DDE2B021BFB00279C51 /* Coordinator.swift */; };
		7AF17CCE2B026A1E00761E37 /* QuestionView.swift in Sources */ = {isa = PBXBuildFile; fileRef = 7AF17CCD2B026A1E00761E37 /* QuestionView.swift */; };
		7AF17CD02B026C2100761E37 /* QuestionsRepository.swift in Sources */ = {isa = PBXBuildFile; fileRef = 7AF17CCF2B026C2100761E37 /* QuestionsRepository.swift */; };
		7AF17CD42B026C9600761E37 /* QuestionsRemoteService.swift in Sources */ = {isa = PBXBuildFile; fileRef = 7AF17CD32B026C9600761E37 /* QuestionsRemoteService.swift */; };
		7AF17CD62B026D3D00761E37 /* LiveQuestionsRemoteService.swift in Sources */ = {isa = PBXBuildFile; fileRef = 7AF17CD52B026D3D00761E37 /* LiveQuestionsRemoteService.swift */; };
		7AF17CD82B0270F600761E37 /* MockQuestionsRemoteService.swift in Sources */ = {isa = PBXBuildFile; fileRef = 7AF17CD72B0270F600761E37 /* MockQuestionsRemoteService.swift */; };
		7AF17CDA2B02729200761E37 /* QuestionViewViewModel.swift in Sources */ = {isa = PBXBuildFile; fileRef = 7AF17CD92B02729200761E37 /* QuestionViewViewModel.swift */; };
		7AF17CDD2B027F7C00761E37 /* ProgressBar.swift in Sources */ = {isa = PBXBuildFile; fileRef = 7AF17CDC2B027F7C00761E37 /* ProgressBar.swift */; };
		7AF17CDF2B0281EA00761E37 /* Answer.swift in Sources */ = {isa = PBXBuildFile; fileRef = 7AF17CDE2B0281EA00761E37 /* Answer.swift */; };
		7AF17CE12B02825F00761E37 /* RowAnswer.swift in Sources */ = {isa = PBXBuildFile; fileRef = 7AF17CE02B02825F00761E37 /* RowAnswer.swift */; };
		7AF17CE32B0286E600761E37 /* MainButton.swift in Sources */ = {isa = PBXBuildFile; fileRef = 7AF17CE22B0286E600761E37 /* MainButton.swift */; };
		7AF17CE72B0298D100761E37 /* QuizDetailView.swift in Sources */ = {isa = PBXBuildFile; fileRef = 7AF17CE62B0298D100761E37 /* QuizDetailView.swift */; };
		7AF17CE92B02994400761E37 /* QuizViewViewModel.swift in Sources */ = {isa = PBXBuildFile; fileRef = 7AF17CE82B02994400761E37 /* QuizViewViewModel.swift */; };
/* End PBXBuildFile section */

/* Begin PBXFileReference section */
		7A38DE2A2B035D9E00CB49E3 /* ModeSelectorView.swift */ = {isa = PBXFileReference; lastKnownFileType = sourcecode.swift; path = ModeSelectorView.swift; sourceTree = "<group>"; };
		7A966DC12B0380380000946D /* QuizView.swift */ = {isa = PBXFileReference; lastKnownFileType = sourcecode.swift; path = QuizView.swift; sourceTree = "<group>"; };
		7A966DC32B038BC20000946D /* CardView.swift */ = {isa = PBXFileReference; lastKnownFileType = sourcecode.swift; path = CardView.swift; sourceTree = "<group>"; };
		7ABE2DB02B020BDC00279C51 /* Trivia App.app */ = {isa = PBXFileReference; explicitFileType = wrapper.application; includeInIndex = 0; path = "Trivia App.app"; sourceTree = BUILT_PRODUCTS_DIR; };
		7ABE2DB32B020BDC00279C51 /* Trivia_AppApp.swift */ = {isa = PBXFileReference; lastKnownFileType = sourcecode.swift; path = Trivia_AppApp.swift; sourceTree = "<group>"; };
		7ABE2DB52B020BDC00279C51 /* ContentView.swift */ = {isa = PBXFileReference; lastKnownFileType = sourcecode.swift; path = ContentView.swift; sourceTree = "<group>"; };
		7ABE2DB72B020BDC00279C51 /* Assets.xcassets */ = {isa = PBXFileReference; lastKnownFileType = folder.assetcatalog; path = Assets.xcassets; sourceTree = "<group>"; };
		7ABE2DBA2B020BDC00279C51 /* Preview Assets.xcassets */ = {isa = PBXFileReference; lastKnownFileType = folder.assetcatalog; path = "Preview Assets.xcassets"; sourceTree = "<group>"; };
		7ABE2DC22B020DC900279C51 /* NetworkClient.swift */ = {isa = PBXFileReference; lastKnownFileType = sourcecode.swift; path = NetworkClient.swift; sourceTree = "<group>"; };
		7ABE2DC42B020DE100279C51 /* NetworkClientError.swift */ = {isa = PBXFileReference; lastKnownFileType = sourcecode.swift; path = NetworkClientError.swift; sourceTree = "<group>"; };
		7ABE2DC62B020E5700279C51 /* URLSessionNetworkClient.swift */ = {isa = PBXFileReference; lastKnownFileType = sourcecode.swift; path = URLSessionNetworkClient.swift; sourceTree = "<group>"; };
		7ABE2DCB2B02130C00279C51 /* APIResponse.swift */ = {isa = PBXFileReference; lastKnownFileType = sourcecode.swift; path = APIResponse.swift; sourceTree = "<group>"; };
		7ABE2DCD2B02158800279C51 /* Question.swift */ = {isa = PBXFileReference; lastKnownFileType = sourcecode.swift; path = Question.swift; sourceTree = "<group>"; };
		7ABE2DD02B02170A00279C51 /* StringExtensions.swift */ = {isa = PBXFileReference; lastKnownFileType = sourcecode.swift; path = StringExtensions.swift; sourceTree = "<group>"; };
		7ABE2DD62B02176C00279C51 /* en */ = {isa = PBXFileReference; lastKnownFileType = text.plist.strings; name = en; path = en.lproj/Localizable.strings; sourceTree = "<group>"; };
		7ABE2DD82B02176D00279C51 /* es */ = {isa = PBXFileReference; lastKnownFileType = text.plist.strings; name = es; path = es.lproj/Localizable.strings; sourceTree = "<group>"; };
		7ABE2DDE2B021BFB00279C51 /* Coordinator.swift */ = {isa = PBXFileReference; lastKnownFileType = sourcecode.swift; path = Coordinator.swift; sourceTree = "<group>"; };
		7AF17CCD2B026A1E00761E37 /* QuestionView.swift */ = {isa = PBXFileReference; lastKnownFileType = sourcecode.swift; path = QuestionView.swift; sourceTree = "<group>"; };
		7AF17CCF2B026C2100761E37 /* QuestionsRepository.swift */ = {isa = PBXFileReference; lastKnownFileType = sourcecode.swift; path = QuestionsRepository.swift; sourceTree = "<group>"; };
		7AF17CD32B026C9600761E37 /* QuestionsRemoteService.swift */ = {isa = PBXFileReference; lastKnownFileType = sourcecode.swift; path = QuestionsRemoteService.swift; sourceTree = "<group>"; };
		7AF17CD52B026D3D00761E37 /* LiveQuestionsRemoteService.swift */ = {isa = PBXFileReference; lastKnownFileType = sourcecode.swift; path = LiveQuestionsRemoteService.swift; sourceTree = "<group>"; };
		7AF17CD72B0270F600761E37 /* MockQuestionsRemoteService.swift */ = {isa = PBXFileReference; lastKnownFileType = sourcecode.swift; path = MockQuestionsRemoteService.swift; sourceTree = "<group>"; };
		7AF17CD92B02729200761E37 /* QuestionViewViewModel.swift */ = {isa = PBXFileReference; lastKnownFileType = sourcecode.swift; path = QuestionViewViewModel.swift; sourceTree = "<group>"; };
		7AF17CDC2B027F7C00761E37 /* ProgressBar.swift */ = {isa = PBXFileReference; lastKnownFileType = sourcecode.swift; path = ProgressBar.swift; sourceTree = "<group>"; };
		7AF17CDE2B0281EA00761E37 /* Answer.swift */ = {isa = PBXFileReference; lastKnownFileType = sourcecode.swift; path = Answer.swift; sourceTree = "<group>"; };
		7AF17CE02B02825F00761E37 /* RowAnswer.swift */ = {isa = PBXFileReference; lastKnownFileType = sourcecode.swift; path = RowAnswer.swift; sourceTree = "<group>"; };
		7AF17CE22B0286E600761E37 /* MainButton.swift */ = {isa = PBXFileReference; lastKnownFileType = sourcecode.swift; path = MainButton.swift; sourceTree = "<group>"; };
		7AF17CE62B0298D100761E37 /* QuizDetailView.swift */ = {isa = PBXFileReference; lastKnownFileType = sourcecode.swift; path = QuizDetailView.swift; sourceTree = "<group>"; };
		7AF17CE82B02994400761E37 /* QuizViewViewModel.swift */ = {isa = PBXFileReference; lastKnownFileType = sourcecode.swift; path = QuizViewViewModel.swift; sourceTree = "<group>"; };
/* End PBXFileReference section */

/* Begin PBXFrameworksBuildPhase section */
		7ABE2DAD2B020BDC00279C51 /* Frameworks */ = {
			isa = PBXFrameworksBuildPhase;
			buildActionMask = 2147483647;
			files = (
			);
			runOnlyForDeploymentPostprocessing = 0;
		};
/* End PBXFrameworksBuildPhase section */

/* Begin PBXGroup section */
		7ABE2DA72B020BDC00279C51 = {
			isa = PBXGroup;
			children = (
				7ABE2DB22B020BDC00279C51 /* Trivia App */,
				7ABE2DB12B020BDC00279C51 /* Products */,
			);
			sourceTree = "<group>";
		};
		7ABE2DB12B020BDC00279C51 /* Products */ = {
			isa = PBXGroup;
			children = (
				7ABE2DB02B020BDC00279C51 /* Trivia App.app */,
			);
			name = Products;
			sourceTree = "<group>";
		};
		7ABE2DB22B020BDC00279C51 /* Trivia App */ = {
			isa = PBXGroup;
			children = (
				7ABE2DB32B020BDC00279C51 /* Trivia_AppApp.swift */,
				7ABE2DB52B020BDC00279C51 /* ContentView.swift */,
				7ABE2DDE2B021BFB00279C51 /* Coordinator.swift */,
				7ABE2DC82B0212DD00279C51 /* Features */,
				7ABE2DC92B0212E700279C51 /* Data */,
				7ABE2DCA2B0212F500279C51 /* Entities */,
				7ABE2DC12B020DA300279C51 /* NetworkClient */,
				7AF17CDB2B027F6800761E37 /* Components */,
				7ABE2DCF2B0216F300279C51 /* Extensions */,
				7ABE2DD22B02173D00279C51 /* Resources */,
				7ABE2DB92B020BDC00279C51 /* Preview Content */,
				7ABE2DB72B020BDC00279C51 /* Assets.xcassets */,
			);
			path = "Trivia App";
			sourceTree = "<group>";
		};
		7ABE2DB92B020BDC00279C51 /* Preview Content */ = {
			isa = PBXGroup;
			children = (
				7ABE2DBA2B020BDC00279C51 /* Preview Assets.xcassets */,
			);
			path = "Preview Content";
			sourceTree = "<group>";
		};
		7ABE2DC12B020DA300279C51 /* NetworkClient */ = {
			isa = PBXGroup;
			children = (
				7ABE2DC22B020DC900279C51 /* NetworkClient.swift */,
				7ABE2DC42B020DE100279C51 /* NetworkClientError.swift */,
				7ABE2DC62B020E5700279C51 /* URLSessionNetworkClient.swift */,
			);
			path = NetworkClient;
			sourceTree = "<group>";
		};
		7ABE2DC82B0212DD00279C51 /* Features */ = {
			isa = PBXGroup;
			children = (
				7ABE2DDB2B021BAA00279C51 /* Play */,
				7ABE2DDC2B021BB600279C51 /* Favorites */,
				7ABE2DDD2B021BC700279C51 /* Onboarding */,
			);
			path = Features;
			sourceTree = "<group>";
		};
		7ABE2DC92B0212E700279C51 /* Data */ = {
			isa = PBXGroup;
			children = (
				7ABE2DD92B021B8A00279C51 /* Repositories */,
				7ABE2DDA2B021B9200279C51 /* Services */,
			);
			path = Data;
			sourceTree = "<group>";
		};
		7ABE2DCA2B0212F500279C51 /* Entities */ = {
			isa = PBXGroup;
			children = (
				7ABE2DCB2B02130C00279C51 /* APIResponse.swift */,
				7ABE2DCD2B02158800279C51 /* Question.swift */,
				7AF17CDE2B0281EA00761E37 /* Answer.swift */,
			);
			path = Entities;
			sourceTree = "<group>";
		};
		7ABE2DCF2B0216F300279C51 /* Extensions */ = {
			isa = PBXGroup;
			children = (
				7ABE2DD02B02170A00279C51 /* StringExtensions.swift */,
			);
			path = Extensions;
			sourceTree = "<group>";
		};
		7ABE2DD22B02173D00279C51 /* Resources */ = {
			isa = PBXGroup;
			children = (
				7ABE2DD72B02176C00279C51 /* Localizable.strings */,
			);
			path = Resources;
			sourceTree = "<group>";
		};
		7ABE2DD92B021B8A00279C51 /* Repositories */ = {
			isa = PBXGroup;
			children = (
				7AF17CCF2B026C2100761E37 /* QuestionsRepository.swift */,
			);
			path = Repositories;
			sourceTree = "<group>";
		};
		7ABE2DDA2B021B9200279C51 /* Services */ = {
			isa = PBXGroup;
			children = (
				7AF17CD22B026C7900761E37 /* Questions */,
			);
			path = Services;
			sourceTree = "<group>";
		};
		7ABE2DDB2B021BAA00279C51 /* Play */ = {
			isa = PBXGroup;
			children = (
				7AF17CE42B02919500761E37 /* ModeSelectorView */,
				7AF17CE52B0291B000761E37 /* QuizView */,
				7ABE2DE02B022E9200279C51 /* QuestionView */,
			);
			path = Play;
			sourceTree = "<group>";
		};
		7ABE2DDC2B021BB600279C51 /* Favorites */ = {
			isa = PBXGroup;
			children = (
			);
			path = Favorites;
			sourceTree = "<group>";
		};
		7ABE2DDD2B021BC700279C51 /* Onboarding */ = {
			isa = PBXGroup;
			children = (
			);
			path = Onboarding;
			sourceTree = "<group>";
		};
		7ABE2DE02B022E9200279C51 /* QuestionView */ = {
			isa = PBXGroup;
			children = (
				7AF17CCD2B026A1E00761E37 /* QuestionView.swift */,
				7AF17CD92B02729200761E37 /* QuestionViewViewModel.swift */,
			);
			path = QuestionView;
			sourceTree = "<group>";
		};
		7AF17CD12B026C6E00761E37 /* Remote */ = {
			isa = PBXGroup;
			children = (
				7AF17CD32B026C9600761E37 /* QuestionsRemoteService.swift */,
				7AF17CD52B026D3D00761E37 /* LiveQuestionsRemoteService.swift */,
				7AF17CD72B0270F600761E37 /* MockQuestionsRemoteService.swift */,
			);
			path = Remote;
			sourceTree = "<group>";
		};
		7AF17CD22B026C7900761E37 /* Questions */ = {
			isa = PBXGroup;
			children = (
				7AF17CD12B026C6E00761E37 /* Remote */,
			);
			path = Questions;
			sourceTree = "<group>";
		};
		7AF17CDB2B027F6800761E37 /* Components */ = {
			isa = PBXGroup;
			children = (
				7AF17CDC2B027F7C00761E37 /* ProgressBar.swift */,
				7AF17CE22B0286E600761E37 /* MainButton.swift */,
				7A966DC32B038BC20000946D /* CardView.swift */,
			);
			path = Components;
			sourceTree = "<group>";
		};
		7AF17CE42B02919500761E37 /* ModeSelectorView */ = {
			isa = PBXGroup;
			children = (
				7A38DE2A2B035D9E00CB49E3 /* ModeSelectorView.swift */,
			);
			path = ModeSelectorView;
			sourceTree = "<group>";
		};
		7AF17CE52B0291B000761E37 /* QuizView */ = {
			isa = PBXGroup;
			children = (
				7A966DC12B0380380000946D /* QuizView.swift */,
				7AF17CE62B0298D100761E37 /* QuizDetailView.swift */,
				7AF17CE82B02994400761E37 /* QuizViewViewModel.swift */,
				7AF17CE02B02825F00761E37 /* RowAnswer.swift */,
			);
			path = QuizView;
			sourceTree = "<group>";
		};
/* End PBXGroup section */

/* Begin PBXNativeTarget section */
		7ABE2DAF2B020BDC00279C51 /* Trivia App */ = {
			isa = PBXNativeTarget;
			buildConfigurationList = 7ABE2DBE2B020BDC00279C51 /* Build configuration list for PBXNativeTarget "Trivia App" */;
			buildPhases = (
				7ABE2DAC2B020BDC00279C51 /* Sources */,
				7ABE2DAD2B020BDC00279C51 /* Frameworks */,
				7ABE2DAE2B020BDC00279C51 /* Resources */,
			);
			buildRules = (
			);
			dependencies = (
			);
			name = "Trivia App";
			productName = "Trivia App";
			productReference = 7ABE2DB02B020BDC00279C51 /* Trivia App.app */;
			productType = "com.apple.product-type.application";
		};
/* End PBXNativeTarget section */

/* Begin PBXProject section */
		7ABE2DA82B020BDC00279C51 /* Project object */ = {
			isa = PBXProject;
			attributes = {
				BuildIndependentTargetsInParallel = 1;
				LastSwiftUpdateCheck = 1500;
				LastUpgradeCheck = 1500;
				TargetAttributes = {
					7ABE2DAF2B020BDC00279C51 = {
						CreatedOnToolsVersion = 15.0.1;
					};
				};
			};
			buildConfigurationList = 7ABE2DAB2B020BDC00279C51 /* Build configuration list for PBXProject "Trivia App" */;
			compatibilityVersion = "Xcode 14.0";
			developmentRegion = en;
			hasScannedForEncodings = 0;
			knownRegions = (
				en,
				Base,
				es,
			);
			mainGroup = 7ABE2DA72B020BDC00279C51;
			productRefGroup = 7ABE2DB12B020BDC00279C51 /* Products */;
			projectDirPath = "";
			projectRoot = "";
			targets = (
				7ABE2DAF2B020BDC00279C51 /* Trivia App */,
			);
		};
/* End PBXProject section */

/* Begin PBXResourcesBuildPhase section */
		7ABE2DAE2B020BDC00279C51 /* Resources */ = {
			isa = PBXResourcesBuildPhase;
			buildActionMask = 2147483647;
			files = (
				7ABE2DBB2B020BDC00279C51 /* Preview Assets.xcassets in Resources */,
				7ABE2DD52B02176C00279C51 /* Localizable.strings in Resources */,
				7ABE2DB82B020BDC00279C51 /* Assets.xcassets in Resources */,
			);
			runOnlyForDeploymentPostprocessing = 0;
		};
/* End PBXResourcesBuildPhase section */

/* Begin PBXSourcesBuildPhase section */
		7ABE2DAC2B020BDC00279C51 /* Sources */ = {
			isa = PBXSourcesBuildPhase;
			buildActionMask = 2147483647;
			files = (
				7AF17CD02B026C2100761E37 /* QuestionsRepository.swift in Sources */,
				7ABE2DD12B02170A00279C51 /* StringExtensions.swift in Sources */,
				7AF17CD62B026D3D00761E37 /* LiveQuestionsRemoteService.swift in Sources */,
				7ABE2DB62B020BDC00279C51 /* ContentView.swift in Sources */,
				7ABE2DB42B020BDC00279C51 /* Trivia_AppApp.swift in Sources */,
				7ABE2DC52B020DE100279C51 /* NetworkClientError.swift in Sources */,
				7A966DC22B0380380000946D /* QuizView.swift in Sources */,
				7A38DE2B2B035D9E00CB49E3 /* ModeSelectorView.swift in Sources */,
				7AF17CE92B02994400761E37 /* QuizViewViewModel.swift in Sources */,
				7AF17CDD2B027F7C00761E37 /* ProgressBar.swift in Sources */,
				7AF17CDF2B0281EA00761E37 /* Answer.swift in Sources */,
				7ABE2DC32B020DC900279C51 /* NetworkClient.swift in Sources */,
				7ABE2DC72B020E5700279C51 /* URLSessionNetworkClient.swift in Sources */,
				7AF17CD82B0270F600761E37 /* MockQuestionsRemoteService.swift in Sources */,
				7ABE2DCE2B02158800279C51 /* Question.swift in Sources */,
				7ABE2DCC2B02130C00279C51 /* APIResponse.swift in Sources */,
				7AF17CDA2B02729200761E37 /* QuestionViewViewModel.swift in Sources */,
				7AF17CE32B0286E600761E37 /* MainButton.swift in Sources */,
				7AF17CE12B02825F00761E37 /* RowAnswer.swift in Sources */,
				7AF17CCE2B026A1E00761E37 /* QuestionView.swift in Sources */,
				7AF17CE72B0298D100761E37 /* QuizDetailView.swift in Sources */,
				7ABE2DDF2B021BFB00279C51 /* Coordinator.swift in Sources */,
				7A966DC42B038BC20000946D /* CardView.swift in Sources */,
				7AF17CD42B026C9600761E37 /* QuestionsRemoteService.swift in Sources */,
			);
			runOnlyForDeploymentPostprocessing = 0;
		};
/* End PBXSourcesBuildPhase section */

/* Begin PBXVariantGroup section */
		7ABE2DD72B02176C00279C51 /* Localizable.strings */ = {
			isa = PBXVariantGroup;
			children = (
				7ABE2DD62B02176C00279C51 /* en */,
				7ABE2DD82B02176D00279C51 /* es */,
			);
			name = Localizable.strings;
			sourceTree = "<group>";
		};
/* End PBXVariantGroup section */

/* Begin XCBuildConfiguration section */
		7ABE2DBC2B020BDC00279C51 /* Debug */ = {
			isa = XCBuildConfiguration;
			buildSettings = {
				ALWAYS_SEARCH_USER_PATHS = NO;
				ASSETCATALOG_COMPILER_GENERATE_SWIFT_ASSET_SYMBOL_EXTENSIONS = YES;
				CLANG_ANALYZER_NONNULL = YES;
				CLANG_ANALYZER_NUMBER_OBJECT_CONVERSION = YES_AGGRESSIVE;
				CLANG_CXX_LANGUAGE_STANDARD = "gnu++20";
				CLANG_ENABLE_MODULES = YES;
				CLANG_ENABLE_OBJC_ARC = YES;
				CLANG_ENABLE_OBJC_WEAK = YES;
				CLANG_WARN_BLOCK_CAPTURE_AUTORELEASING = YES;
				CLANG_WARN_BOOL_CONVERSION = YES;
				CLANG_WARN_COMMA = YES;
				CLANG_WARN_CONSTANT_CONVERSION = YES;
				CLANG_WARN_DEPRECATED_OBJC_IMPLEMENTATIONS = YES;
				CLANG_WARN_DIRECT_OBJC_ISA_USAGE = YES_ERROR;
				CLANG_WARN_DOCUMENTATION_COMMENTS = YES;
				CLANG_WARN_EMPTY_BODY = YES;
				CLANG_WARN_ENUM_CONVERSION = YES;
				CLANG_WARN_INFINITE_RECURSION = YES;
				CLANG_WARN_INT_CONVERSION = YES;
				CLANG_WARN_NON_LITERAL_NULL_CONVERSION = YES;
				CLANG_WARN_OBJC_IMPLICIT_RETAIN_SELF = YES;
				CLANG_WARN_OBJC_LITERAL_CONVERSION = YES;
				CLANG_WARN_OBJC_ROOT_CLASS = YES_ERROR;
				CLANG_WARN_QUOTED_INCLUDE_IN_FRAMEWORK_HEADER = YES;
				CLANG_WARN_RANGE_LOOP_ANALYSIS = YES;
				CLANG_WARN_STRICT_PROTOTYPES = YES;
				CLANG_WARN_SUSPICIOUS_MOVE = YES;
				CLANG_WARN_UNGUARDED_AVAILABILITY = YES_AGGRESSIVE;
				CLANG_WARN_UNREACHABLE_CODE = YES;
				CLANG_WARN__DUPLICATE_METHOD_MATCH = YES;
				COPY_PHASE_STRIP = NO;
				DEBUG_INFORMATION_FORMAT = dwarf;
				ENABLE_STRICT_OBJC_MSGSEND = YES;
				ENABLE_TESTABILITY = YES;
				ENABLE_USER_SCRIPT_SANDBOXING = YES;
				GCC_C_LANGUAGE_STANDARD = gnu17;
				GCC_DYNAMIC_NO_PIC = NO;
				GCC_NO_COMMON_BLOCKS = YES;
				GCC_OPTIMIZATION_LEVEL = 0;
				GCC_PREPROCESSOR_DEFINITIONS = (
					"DEBUG=1",
					"$(inherited)",
				);
				GCC_WARN_64_TO_32_BIT_CONVERSION = YES;
				GCC_WARN_ABOUT_RETURN_TYPE = YES_ERROR;
				GCC_WARN_UNDECLARED_SELECTOR = YES;
				GCC_WARN_UNINITIALIZED_AUTOS = YES_AGGRESSIVE;
				GCC_WARN_UNUSED_FUNCTION = YES;
				GCC_WARN_UNUSED_VARIABLE = YES;
				IPHONEOS_DEPLOYMENT_TARGET = 17.0;
				LOCALIZATION_PREFERS_STRING_CATALOGS = YES;
				MTL_ENABLE_DEBUG_INFO = INCLUDE_SOURCE;
				MTL_FAST_MATH = YES;
				ONLY_ACTIVE_ARCH = YES;
				SDKROOT = iphoneos;
				SWIFT_ACTIVE_COMPILATION_CONDITIONS = "DEBUG $(inherited)";
				SWIFT_OPTIMIZATION_LEVEL = "-Onone";
			};
			name = Debug;
		};
		7ABE2DBD2B020BDC00279C51 /* Release */ = {
			isa = XCBuildConfiguration;
			buildSettings = {
				ALWAYS_SEARCH_USER_PATHS = NO;
				ASSETCATALOG_COMPILER_GENERATE_SWIFT_ASSET_SYMBOL_EXTENSIONS = YES;
				CLANG_ANALYZER_NONNULL = YES;
				CLANG_ANALYZER_NUMBER_OBJECT_CONVERSION = YES_AGGRESSIVE;
				CLANG_CXX_LANGUAGE_STANDARD = "gnu++20";
				CLANG_ENABLE_MODULES = YES;
				CLANG_ENABLE_OBJC_ARC = YES;
				CLANG_ENABLE_OBJC_WEAK = YES;
				CLANG_WARN_BLOCK_CAPTURE_AUTORELEASING = YES;
				CLANG_WARN_BOOL_CONVERSION = YES;
				CLANG_WARN_COMMA = YES;
				CLANG_WARN_CONSTANT_CONVERSION = YES;
				CLANG_WARN_DEPRECATED_OBJC_IMPLEMENTATIONS = YES;
				CLANG_WARN_DIRECT_OBJC_ISA_USAGE = YES_ERROR;
				CLANG_WARN_DOCUMENTATION_COMMENTS = YES;
				CLANG_WARN_EMPTY_BODY = YES;
				CLANG_WARN_ENUM_CONVERSION = YES;
				CLANG_WARN_INFINITE_RECURSION = YES;
				CLANG_WARN_INT_CONVERSION = YES;
				CLANG_WARN_NON_LITERAL_NULL_CONVERSION = YES;
				CLANG_WARN_OBJC_IMPLICIT_RETAIN_SELF = YES;
				CLANG_WARN_OBJC_LITERAL_CONVERSION = YES;
				CLANG_WARN_OBJC_ROOT_CLASS = YES_ERROR;
				CLANG_WARN_QUOTED_INCLUDE_IN_FRAMEWORK_HEADER = YES;
				CLANG_WARN_RANGE_LOOP_ANALYSIS = YES;
				CLANG_WARN_STRICT_PROTOTYPES = YES;
				CLANG_WARN_SUSPICIOUS_MOVE = YES;
				CLANG_WARN_UNGUARDED_AVAILABILITY = YES_AGGRESSIVE;
				CLANG_WARN_UNREACHABLE_CODE = YES;
				CLANG_WARN__DUPLICATE_METHOD_MATCH = YES;
				COPY_PHASE_STRIP = NO;
				DEBUG_INFORMATION_FORMAT = "dwarf-with-dsym";
				ENABLE_NS_ASSERTIONS = NO;
				ENABLE_STRICT_OBJC_MSGSEND = YES;
				ENABLE_USER_SCRIPT_SANDBOXING = YES;
				GCC_C_LANGUAGE_STANDARD = gnu17;
				GCC_NO_COMMON_BLOCKS = YES;
				GCC_WARN_64_TO_32_BIT_CONVERSION = YES;
				GCC_WARN_ABOUT_RETURN_TYPE = YES_ERROR;
				GCC_WARN_UNDECLARED_SELECTOR = YES;
				GCC_WARN_UNINITIALIZED_AUTOS = YES_AGGRESSIVE;
				GCC_WARN_UNUSED_FUNCTION = YES;
				GCC_WARN_UNUSED_VARIABLE = YES;
				IPHONEOS_DEPLOYMENT_TARGET = 17.0;
				LOCALIZATION_PREFERS_STRING_CATALOGS = YES;
				MTL_ENABLE_DEBUG_INFO = NO;
				MTL_FAST_MATH = YES;
				SDKROOT = iphoneos;
				SWIFT_COMPILATION_MODE = wholemodule;
				VALIDATE_PRODUCT = YES;
			};
			name = Release;
		};
		7ABE2DBF2B020BDC00279C51 /* Debug */ = {
			isa = XCBuildConfiguration;
			buildSettings = {
				ASSETCATALOG_COMPILER_APPICON_NAME = AppIcon;
				ASSETCATALOG_COMPILER_GLOBAL_ACCENT_COLOR_NAME = AccentColor;
				CODE_SIGN_STYLE = Automatic;
				CURRENT_PROJECT_VERSION = 1;
				DEVELOPMENT_ASSET_PATHS = "\"Trivia App/Preview Content\"";
				ENABLE_PREVIEWS = YES;
				GENERATE_INFOPLIST_FILE = YES;
				INFOPLIST_KEY_UIApplicationSceneManifest_Generation = YES;
				INFOPLIST_KEY_UIApplicationSupportsIndirectInputEvents = YES;
				INFOPLIST_KEY_UILaunchScreen_Generation = YES;
				INFOPLIST_KEY_UISupportedInterfaceOrientations_iPad = "UIInterfaceOrientationPortrait UIInterfaceOrientationPortraitUpsideDown UIInterfaceOrientationLandscapeLeft UIInterfaceOrientationLandscapeRight";
				INFOPLIST_KEY_UISupportedInterfaceOrientations_iPhone = "UIInterfaceOrientationPortrait UIInterfaceOrientationLandscapeLeft UIInterfaceOrientationLandscapeRight";
				LD_RUNPATH_SEARCH_PATHS = (
					"$(inherited)",
					"@executable_path/Frameworks",
				);
				MARKETING_VERSION = 1.0;
				PRODUCT_BUNDLE_IDENTIFIER = "hiberus.Trivia-App";
				PRODUCT_NAME = "$(TARGET_NAME)";
				SWIFT_EMIT_LOC_STRINGS = YES;
				SWIFT_VERSION = 5.0;
				TARGETED_DEVICE_FAMILY = "1,2";
			};
			name = Debug;
		};
		7ABE2DC02B020BDC00279C51 /* Release */ = {
			isa = XCBuildConfiguration;
			buildSettings = {
				ASSETCATALOG_COMPILER_APPICON_NAME = AppIcon;
				ASSETCATALOG_COMPILER_GLOBAL_ACCENT_COLOR_NAME = AccentColor;
				CODE_SIGN_STYLE = Automatic;
				CURRENT_PROJECT_VERSION = 1;
				DEVELOPMENT_ASSET_PATHS = "\"Trivia App/Preview Content\"";
				ENABLE_PREVIEWS = YES;
				GENERATE_INFOPLIST_FILE = YES;
				INFOPLIST_KEY_UIApplicationSceneManifest_Generation = YES;
				INFOPLIST_KEY_UIApplicationSupportsIndirectInputEvents = YES;
				INFOPLIST_KEY_UILaunchScreen_Generation = YES;
				INFOPLIST_KEY_UISupportedInterfaceOrientations_iPad = "UIInterfaceOrientationPortrait UIInterfaceOrientationPortraitUpsideDown UIInterfaceOrientationLandscapeLeft UIInterfaceOrientationLandscapeRight";
				INFOPLIST_KEY_UISupportedInterfaceOrientations_iPhone = "UIInterfaceOrientationPortrait UIInterfaceOrientationLandscapeLeft UIInterfaceOrientationLandscapeRight";
				LD_RUNPATH_SEARCH_PATHS = (
					"$(inherited)",
					"@executable_path/Frameworks",
				);
				MARKETING_VERSION = 1.0;
				PRODUCT_BUNDLE_IDENTIFIER = "hiberus.Trivia-App";
				PRODUCT_NAME = "$(TARGET_NAME)";
				SWIFT_EMIT_LOC_STRINGS = YES;
				SWIFT_VERSION = 5.0;
				TARGETED_DEVICE_FAMILY = "1,2";
			};
			name = Release;
		};
/* End XCBuildConfiguration section */

/* Begin XCConfigurationList section */
		7ABE2DAB2B020BDC00279C51 /* Build configuration list for PBXProject "Trivia App" */ = {
			isa = XCConfigurationList;
			buildConfigurations = (
				7ABE2DBC2B020BDC00279C51 /* Debug */,
				7ABE2DBD2B020BDC00279C51 /* Release */,
			);
			defaultConfigurationIsVisible = 0;
			defaultConfigurationName = Release;
		};
		7ABE2DBE2B020BDC00279C51 /* Build configuration list for PBXNativeTarget "Trivia App" */ = {
			isa = XCConfigurationList;
			buildConfigurations = (
				7ABE2DBF2B020BDC00279C51 /* Debug */,
				7ABE2DC02B020BDC00279C51 /* Release */,
			);
			defaultConfigurationIsVisible = 0;
			defaultConfigurationName = Release;
		};
/* End XCConfigurationList section */
	};
	rootObject = 7ABE2DA82B020BDC00279C51 /* Project object */;
}
