// !$*UTF8*$!
{
	archiveVersion = 1;
	classes = {
	};
	objectVersion = 56;
	objects = {

/* Begin PBXBuildFile section */
		7A03EC752B03C5E900B405F4 /* ColorExtensions.swift in Sources */ = {isa = PBXBuildFile; fileRef = 7A03EC742B03C5E900B405F4 /* ColorExtensions.swift */; };
		7A03EC772B03E86300B405F4 /* SurvivalModeRowAnswer.swift in Sources */ = {isa = PBXBuildFile; fileRef = 7A03EC762B03E86300B405F4 /* SurvivalModeRowAnswer.swift */; };
		7A03EC792B03EE3F00B405F4 /* SurvivalModeView.swift in Sources */ = {isa = PBXBuildFile; fileRef = 7A03EC782B03EE3F00B405F4 /* SurvivalModeView.swift */; };
		7A0810AA2B1F0F9400A03301 /* SimpleToast in Frameworks */ = {isa = PBXBuildFile; productRef = 7A0810A92B1F0F9400A03301 /* SimpleToast */; };
		7A0A00E82B0B498B00872AFF /* Lottie in Frameworks */ = {isa = PBXBuildFile; productRef = 7A0A00E72B0B498B00872AFF /* Lottie */; };
		7A0A00EA2B0B49E300872AFF /* LottieView.swift in Sources */ = {isa = PBXBuildFile; fileRef = 7A0A00E92B0B49E300872AFF /* LottieView.swift */; };
		7A0E7BE92B14870F00B995CB /* ViewExtensions.swift in Sources */ = {isa = PBXBuildFile; fileRef = 7A0E7BE82B14870F00B995CB /* ViewExtensions.swift */; };
		7A38DE2B2B035D9E00CB49E3 /* ModeSelectorView.swift in Sources */ = {isa = PBXBuildFile; fileRef = 7A38DE2A2B035D9E00CB49E3 /* ModeSelectorView.swift */; };
		7A40C0F72B15D3BD00B7B31B /* OnboardingView.swift in Sources */ = {isa = PBXBuildFile; fileRef = 7A40C0F62B15D3BD00B7B31B /* OnboardingView.swift */; };
		7A482A232B067FA4002C3716 /* HeaderView.swift in Sources */ = {isa = PBXBuildFile; fileRef = 7A482A222B067FA4002C3716 /* HeaderView.swift */; };
		7A482A252B0684EE002C3716 /* CircularProgressView.swift in Sources */ = {isa = PBXBuildFile; fileRef = 7A482A242B0684EE002C3716 /* CircularProgressView.swift */; };
		7A4B00D92B068ADA00E31462 /* StreakCardView.swift in Sources */ = {isa = PBXBuildFile; fileRef = 7A4B00D82B068ADA00E31462 /* StreakCardView.swift */; };
		7A4B00DB2B068B6B00E31462 /* QuizHistoryRow.swift in Sources */ = {isa = PBXBuildFile; fileRef = 7A4B00DA2B068B6B00E31462 /* QuizHistoryRow.swift */; };
		7A5ACB2A2B0DE6F000E54466 /* SplashScreenView.swift in Sources */ = {isa = PBXBuildFile; fileRef = 7A5ACB292B0DE6F000E54466 /* SplashScreenView.swift */; };
		7A5BB8CC2B1DB857005C6C52 /* FavoritesRepository.swift in Sources */ = {isa = PBXBuildFile; fileRef = 7A5BB8CB2B1DB857005C6C52 /* FavoritesRepository.swift */; };
		7A5BB8CF2B1DB874005C6C52 /* FavoritesLocalService.swift in Sources */ = {isa = PBXBuildFile; fileRef = 7A5BB8CE2B1DB874005C6C52 /* FavoritesLocalService.swift */; };
		7A5BB8D12B1DBEEF005C6C52 /* CoreDataFavoritesLocalService.swift in Sources */ = {isa = PBXBuildFile; fileRef = 7A5BB8D02B1DBEEF005C6C52 /* CoreDataFavoritesLocalService.swift */; };
		7A5BB8D52B1DBF53005C6C52 /* Main.xcdatamodeld in Sources */ = {isa = PBXBuildFile; fileRef = 7A5BB8D32B1DBF53005C6C52 /* Main.xcdatamodeld */; };
		7A5BB8D72B1DBF82005C6C52 /* CoreDataPersistentController.swift in Sources */ = {isa = PBXBuildFile; fileRef = 7A5BB8D62B1DBF82005C6C52 /* CoreDataPersistentController.swift */; };
		7A7BF1F62B0661CE003BB19F /* UserDefaultsQuestionsLocalService.swift in Sources */ = {isa = PBXBuildFile; fileRef = 7A7BF1F52B0661CE003BB19F /* UserDefaultsQuestionsLocalService.swift */; };
		7A947CD02B1731F3009A4499 /* OnboardingLocalService.swift in Sources */ = {isa = PBXBuildFile; fileRef = 7A947CCF2B1731F3009A4499 /* OnboardingLocalService.swift */; };
		7A947CD22B17327B009A4499 /* OnboardingRepository.swift in Sources */ = {isa = PBXBuildFile; fileRef = 7A947CD12B17327B009A4499 /* OnboardingRepository.swift */; };
		7A947CD42B173359009A4499 /* UserDefaultsOnboardingLocalService.swift in Sources */ = {isa = PBXBuildFile; fileRef = 7A947CD32B173359009A4499 /* UserDefaultsOnboardingLocalService.swift */; };
		7A947CD62B173538009A4499 /* OnboardingTabView.swift in Sources */ = {isa = PBXBuildFile; fileRef = 7A947CD52B173538009A4499 /* OnboardingTabView.swift */; };
		7A947CD82B17368B009A4499 /* OnboardingViewModel.swift in Sources */ = {isa = PBXBuildFile; fileRef = 7A947CD72B17368B009A4499 /* OnboardingViewModel.swift */; };
		7A957E7D2B0B4BD2001A3F30 /* congratulations.json in Resources */ = {isa = PBXBuildFile; fileRef = 7A957E7C2B0B4BD2001A3F30 /* congratulations.json */; };
		7A966DC22B0380380000946D /* QuizView.swift in Sources */ = {isa = PBXBuildFile; fileRef = 7A966DC12B0380380000946D /* QuizView.swift */; };
		7A966DC42B038BC20000946D /* CardView.swift in Sources */ = {isa = PBXBuildFile; fileRef = 7A966DC32B038BC20000946D /* CardView.swift */; };
		7A9914B62B1DE14400C927FF /* FavoritesView.swift in Sources */ = {isa = PBXBuildFile; fileRef = 7A9914B52B1DE14400C927FF /* FavoritesView.swift */; };
		7A9914B82B1DE16C00C927FF /* FavoritesViewModel.swift in Sources */ = {isa = PBXBuildFile; fileRef = 7A9914B72B1DE16C00C927FF /* FavoritesViewModel.swift */; };
		7A9BE64B2B22417A0096D080 /* FavoritesCardView.swift in Sources */ = {isa = PBXBuildFile; fileRef = 7A9BE64A2B22417A0096D080 /* FavoritesCardView.swift */; };
		7A9BE64D2B224A670096D080 /* FavoritesDetailCardView.swift in Sources */ = {isa = PBXBuildFile; fileRef = 7A9BE64C2B224A670096D080 /* FavoritesDetailCardView.swift */; };
		7AA1DA6C2B0668CA0068669A /* StatsView.swift in Sources */ = {isa = PBXBuildFile; fileRef = 7AA1DA6B2B0668CA0068669A /* StatsView.swift */; };
		7AAF1B782B0664AF00FDFD65 /* QuestionsLocalService.swift in Sources */ = {isa = PBXBuildFile; fileRef = 7AAF1B772B0664AF00FDFD65 /* QuestionsLocalService.swift */; };
		7ABE2DB42B020BDC00279C51 /* Trivia_AppApp.swift in Sources */ = {isa = PBXBuildFile; fileRef = 7ABE2DB32B020BDC00279C51 /* Trivia_AppApp.swift */; };
		7ABE2DB62B020BDC00279C51 /* ContentView.swift in Sources */ = {isa = PBXBuildFile; fileRef = 7ABE2DB52B020BDC00279C51 /* ContentView.swift */; };
		7ABE2DB82B020BDC00279C51 /* Assets.xcassets in Resources */ = {isa = PBXBuildFile; fileRef = 7ABE2DB72B020BDC00279C51 /* Assets.xcassets */; };
		7ABE2DBB2B020BDC00279C51 /* Preview Assets.xcassets in Resources */ = {isa = PBXBuildFile; fileRef = 7ABE2DBA2B020BDC00279C51 /* Preview Assets.xcassets */; };
		7ABE2DC32B020DC900279C51 /* NetworkClient.swift in Sources */ = {isa = PBXBuildFile; fileRef = 7ABE2DC22B020DC900279C51 /* NetworkClient.swift */; };
		7ABE2DC52B020DE100279C51 /* NetworkClientError.swift in Sources */ = {isa = PBXBuildFile; fileRef = 7ABE2DC42B020DE100279C51 /* NetworkClientError.swift */; };
		7ABE2DC72B020E5700279C51 /* URLSessionNetworkClient.swift in Sources */ = {isa = PBXBuildFile; fileRef = 7ABE2DC62B020E5700279C51 /* URLSessionNetworkClient.swift */; };
		7ABE2DCC2B02130C00279C51 /* APIResponse.swift in Sources */ = {isa = PBXBuildFile; fileRef = 7ABE2DCB2B02130C00279C51 /* APIResponse.swift */; };
		7ABE2DCE2B02158800279C51 /* Question.swift in Sources */ = {isa = PBXBuildFile; fileRef = 7ABE2DCD2B02158800279C51 /* Question.swift */; };
		7ABE2DD12B02170A00279C51 /* StringExtensions.swift in Sources */ = {isa = PBXBuildFile; fileRef = 7ABE2DD02B02170A00279C51 /* StringExtensions.swift */; };
		7ABE2DD52B02176C00279C51 /* Localizable.strings in Resources */ = {isa = PBXBuildFile; fileRef = 7ABE2DD72B02176C00279C51 /* Localizable.strings */; };
		7ABE2DDF2B021BFB00279C51 /* Coordinator.swift in Sources */ = {isa = PBXBuildFile; fileRef = 7ABE2DDE2B021BFB00279C51 /* Coordinator.swift */; };
		7ADE7C1D2B050C2E008ACC60 /* Gradients.swift in Sources */ = {isa = PBXBuildFile; fileRef = 7ADE7C1C2B050C2E008ACC60 /* Gradients.swift */; };
		7AF17CCE2B026A1E00761E37 /* SurvivalModeDetailView.swift in Sources */ = {isa = PBXBuildFile; fileRef = 7AF17CCD2B026A1E00761E37 /* SurvivalModeDetailView.swift */; };
		7AF17CD02B026C2100761E37 /* QuestionsRepository.swift in Sources */ = {isa = PBXBuildFile; fileRef = 7AF17CCF2B026C2100761E37 /* QuestionsRepository.swift */; };
		7AF17CD42B026C9600761E37 /* QuestionsRemoteService.swift in Sources */ = {isa = PBXBuildFile; fileRef = 7AF17CD32B026C9600761E37 /* QuestionsRemoteService.swift */; };
		7AF17CD62B026D3D00761E37 /* LiveQuestionsRemoteService.swift in Sources */ = {isa = PBXBuildFile; fileRef = 7AF17CD52B026D3D00761E37 /* LiveQuestionsRemoteService.swift */; };
		7AF17CD82B0270F600761E37 /* MockQuestionsRemoteService.swift in Sources */ = {isa = PBXBuildFile; fileRef = 7AF17CD72B0270F600761E37 /* MockQuestionsRemoteService.swift */; };
		7AF17CDA2B02729200761E37 /* SurvivalModeViewViewModel.swift in Sources */ = {isa = PBXBuildFile; fileRef = 7AF17CD92B02729200761E37 /* SurvivalModeViewViewModel.swift */; };
		7AF17CDD2B027F7C00761E37 /* ProgressBar.swift in Sources */ = {isa = PBXBuildFile; fileRef = 7AF17CDC2B027F7C00761E37 /* ProgressBar.swift */; };
		7AF17CDF2B0281EA00761E37 /* Answer.swift in Sources */ = {isa = PBXBuildFile; fileRef = 7AF17CDE2B0281EA00761E37 /* Answer.swift */; };
		7AF17CE12B02825F00761E37 /* QuizRowAnswer.swift in Sources */ = {isa = PBXBuildFile; fileRef = 7AF17CE02B02825F00761E37 /* QuizRowAnswer.swift */; };
		7AF17CE32B0286E600761E37 /* MainButton.swift in Sources */ = {isa = PBXBuildFile; fileRef = 7AF17CE22B0286E600761E37 /* MainButton.swift */; };
		7AF17CE72B0298D100761E37 /* QuizDetailView.swift in Sources */ = {isa = PBXBuildFile; fileRef = 7AF17CE62B0298D100761E37 /* QuizDetailView.swift */; };
		7AF17CE92B02994400761E37 /* QuizViewViewModel.swift in Sources */ = {isa = PBXBuildFile; fileRef = 7AF17CE82B02994400761E37 /* QuizViewViewModel.swift */; };
		7AFD0BE72B076673009CC2EA /* StatsViewViewModel.swift in Sources */ = {isa = PBXBuildFile; fileRef = 7AFD0BE62B076673009CC2EA /* StatsViewViewModel.swift */; };
/* End PBXBuildFile section */

/* Begin PBXFileReference section */
		7A03EC742B03C5E900B405F4 /* ColorExtensions.swift */ = {isa = PBXFileReference; lastKnownFileType = sourcecode.swift; path = ColorExtensions.swift; sourceTree = "<group>"; };
		7A03EC762B03E86300B405F4 /* SurvivalModeRowAnswer.swift */ = {isa = PBXFileReference; lastKnownFileType = sourcecode.swift; path = SurvivalModeRowAnswer.swift; sourceTree = "<group>"; };
		7A03EC782B03EE3F00B405F4 /* SurvivalModeView.swift */ = {isa = PBXFileReference; lastKnownFileType = sourcecode.swift; path = SurvivalModeView.swift; sourceTree = "<group>"; };
		7A0A00E92B0B49E300872AFF /* LottieView.swift */ = {isa = PBXFileReference; lastKnownFileType = sourcecode.swift; path = LottieView.swift; sourceTree = "<group>"; };
		7A0E7BE82B14870F00B995CB /* ViewExtensions.swift */ = {isa = PBXFileReference; lastKnownFileType = sourcecode.swift; path = ViewExtensions.swift; sourceTree = "<group>"; };
		7A38DE2A2B035D9E00CB49E3 /* ModeSelectorView.swift */ = {isa = PBXFileReference; lastKnownFileType = sourcecode.swift; path = ModeSelectorView.swift; sourceTree = "<group>"; };
		7A40C0F62B15D3BD00B7B31B /* OnboardingView.swift */ = {isa = PBXFileReference; lastKnownFileType = sourcecode.swift; path = OnboardingView.swift; sourceTree = "<group>"; };
		7A482A222B067FA4002C3716 /* HeaderView.swift */ = {isa = PBXFileReference; lastKnownFileType = sourcecode.swift; path = HeaderView.swift; sourceTree = "<group>"; };
		7A482A242B0684EE002C3716 /* CircularProgressView.swift */ = {isa = PBXFileReference; lastKnownFileType = sourcecode.swift; path = CircularProgressView.swift; sourceTree = "<group>"; };
		7A4B00D82B068ADA00E31462 /* StreakCardView.swift */ = {isa = PBXFileReference; lastKnownFileType = sourcecode.swift; path = StreakCardView.swift; sourceTree = "<group>"; };
		7A4B00DA2B068B6B00E31462 /* QuizHistoryRow.swift */ = {isa = PBXFileReference; lastKnownFileType = sourcecode.swift; path = QuizHistoryRow.swift; sourceTree = "<group>"; };
		7A5ACB292B0DE6F000E54466 /* SplashScreenView.swift */ = {isa = PBXFileReference; lastKnownFileType = sourcecode.swift; path = SplashScreenView.swift; sourceTree = "<group>"; };
		7A5BB8CB2B1DB857005C6C52 /* FavoritesRepository.swift */ = {isa = PBXFileReference; lastKnownFileType = sourcecode.swift; path = FavoritesRepository.swift; sourceTree = "<group>"; };
		7A5BB8CE2B1DB874005C6C52 /* FavoritesLocalService.swift */ = {isa = PBXFileReference; lastKnownFileType = sourcecode.swift; path = FavoritesLocalService.swift; sourceTree = "<group>"; };
		7A5BB8D02B1DBEEF005C6C52 /* CoreDataFavoritesLocalService.swift */ = {isa = PBXFileReference; lastKnownFileType = sourcecode.swift; path = CoreDataFavoritesLocalService.swift; sourceTree = "<group>"; };
		7A5BB8D42B1DBF53005C6C52 /* Main.xcdatamodel */ = {isa = PBXFileReference; lastKnownFileType = wrapper.xcdatamodel; path = Main.xcdatamodel; sourceTree = "<group>"; };
		7A5BB8D62B1DBF82005C6C52 /* CoreDataPersistentController.swift */ = {isa = PBXFileReference; lastKnownFileType = sourcecode.swift; path = CoreDataPersistentController.swift; sourceTree = "<group>"; };
		7A7BF1F52B0661CE003BB19F /* UserDefaultsQuestionsLocalService.swift */ = {isa = PBXFileReference; lastKnownFileType = sourcecode.swift; path = UserDefaultsQuestionsLocalService.swift; sourceTree = "<group>"; };
		7A947CCF2B1731F3009A4499 /* OnboardingLocalService.swift */ = {isa = PBXFileReference; lastKnownFileType = sourcecode.swift; path = OnboardingLocalService.swift; sourceTree = "<group>"; };
		7A947CD12B17327B009A4499 /* OnboardingRepository.swift */ = {isa = PBXFileReference; lastKnownFileType = sourcecode.swift; path = OnboardingRepository.swift; sourceTree = "<group>"; };
		7A947CD32B173359009A4499 /* UserDefaultsOnboardingLocalService.swift */ = {isa = PBXFileReference; lastKnownFileType = sourcecode.swift; path = UserDefaultsOnboardingLocalService.swift; sourceTree = "<group>"; };
		7A947CD52B173538009A4499 /* OnboardingTabView.swift */ = {isa = PBXFileReference; lastKnownFileType = sourcecode.swift; path = OnboardingTabView.swift; sourceTree = "<group>"; };
		7A947CD72B17368B009A4499 /* OnboardingViewModel.swift */ = {isa = PBXFileReference; lastKnownFileType = sourcecode.swift; path = OnboardingViewModel.swift; sourceTree = "<group>"; };
		7A957E7C2B0B4BD2001A3F30 /* congratulations.json */ = {isa = PBXFileReference; fileEncoding = 4; lastKnownFileType = text.json; path = congratulations.json; sourceTree = "<group>"; };
		7A966DC12B0380380000946D /* QuizView.swift */ = {isa = PBXFileReference; lastKnownFileType = sourcecode.swift; path = QuizView.swift; sourceTree = "<group>"; };
		7A966DC32B038BC20000946D /* CardView.swift */ = {isa = PBXFileReference; lastKnownFileType = sourcecode.swift; path = CardView.swift; sourceTree = "<group>"; };
		7A9914B52B1DE14400C927FF /* FavoritesView.swift */ = {isa = PBXFileReference; lastKnownFileType = sourcecode.swift; path = FavoritesView.swift; sourceTree = "<group>"; };
		7A9914B72B1DE16C00C927FF /* FavoritesViewModel.swift */ = {isa = PBXFileReference; lastKnownFileType = sourcecode.swift; path = FavoritesViewModel.swift; sourceTree = "<group>"; };
		7A9BE64A2B22417A0096D080 /* FavoritesCardView.swift */ = {isa = PBXFileReference; lastKnownFileType = sourcecode.swift; path = FavoritesCardView.swift; sourceTree = "<group>"; };
		7A9BE64C2B224A670096D080 /* FavoritesDetailCardView.swift */ = {isa = PBXFileReference; lastKnownFileType = sourcecode.swift; path = FavoritesDetailCardView.swift; sourceTree = "<group>"; };
		7AA1DA6B2B0668CA0068669A /* StatsView.swift */ = {isa = PBXFileReference; lastKnownFileType = sourcecode.swift; path = StatsView.swift; sourceTree = "<group>"; };
		7AAF1B772B0664AF00FDFD65 /* QuestionsLocalService.swift */ = {isa = PBXFileReference; lastKnownFileType = sourcecode.swift; path = QuestionsLocalService.swift; sourceTree = "<group>"; };
		7ABE2DB02B020BDC00279C51 /* Trivia App.app */ = {isa = PBXFileReference; explicitFileType = wrapper.application; includeInIndex = 0; path = "Trivia App.app"; sourceTree = BUILT_PRODUCTS_DIR; };
		7ABE2DB32B020BDC00279C51 /* Trivia_AppApp.swift */ = {isa = PBXFileReference; lastKnownFileType = sourcecode.swift; path = Trivia_AppApp.swift; sourceTree = "<group>"; };
		7ABE2DB52B020BDC00279C51 /* ContentView.swift */ = {isa = PBXFileReference; lastKnownFileType = sourcecode.swift; path = ContentView.swift; sourceTree = "<group>"; };
		7ABE2DB72B020BDC00279C51 /* Assets.xcassets */ = {isa = PBXFileReference; lastKnownFileType = folder.assetcatalog; path = Assets.xcassets; sourceTree = "<group>"; };
		7ABE2DBA2B020BDC00279C51 /* Preview Assets.xcassets */ = {isa = PBXFileReference; lastKnownFileType = folder.assetcatalog; path = "Preview Assets.xcassets"; sourceTree = "<group>"; };
		7ABE2DC22B020DC900279C51 /* NetworkClient.swift */ = {isa = PBXFileReference; lastKnownFileType = sourcecode.swift; path = NetworkClient.swift; sourceTree = "<group>"; };
		7ABE2DC42B020DE100279C51 /* NetworkClientError.swift */ = {isa = PBXFileReference; lastKnownFileType = sourcecode.swift; path = NetworkClientError.swift; sourceTree = "<group>"; };
		7ABE2DC62B020E5700279C51 /* URLSessionNetworkClient.swift */ = {isa = PBXFileReference; lastKnownFileType = sourcecode.swift; path = URLSessionNetworkClient.swift; sourceTree = "<group>"; };
		7ABE2DCB2B02130C00279C51 /* APIResponse.swift */ = {isa = PBXFileReference; lastKnownFileType = sourcecode.swift; path = APIResponse.swift; sourceTree = "<group>"; };
		7ABE2DCD2B02158800279C51 /* Question.swift */ = {isa = PBXFileReference; lastKnownFileType = sourcecode.swift; path = Question.swift; sourceTree = "<group>"; };
		7ABE2DD02B02170A00279C51 /* StringExtensions.swift */ = {isa = PBXFileReference; lastKnownFileType = sourcecode.swift; path = StringExtensions.swift; sourceTree = "<group>"; };
		7ABE2DD62B02176C00279C51 /* en */ = {isa = PBXFileReference; lastKnownFileType = text.plist.strings; name = en; path = en.lproj/Localizable.strings; sourceTree = "<group>"; };
		7ABE2DD82B02176D00279C51 /* es */ = {isa = PBXFileReference; lastKnownFileType = text.plist.strings; name = es; path = es.lproj/Localizable.strings; sourceTree = "<group>"; };
		7ABE2DDE2B021BFB00279C51 /* Coordinator.swift */ = {isa = PBXFileReference; lastKnownFileType = sourcecode.swift; path = Coordinator.swift; sourceTree = "<group>"; };
		7ADE7C1C2B050C2E008ACC60 /* Gradients.swift */ = {isa = PBXFileReference; lastKnownFileType = sourcecode.swift; path = Gradients.swift; sourceTree = "<group>"; };
		7AF17CCD2B026A1E00761E37 /* SurvivalModeDetailView.swift */ = {isa = PBXFileReference; lastKnownFileType = sourcecode.swift; path = SurvivalModeDetailView.swift; sourceTree = "<group>"; };
		7AF17CCF2B026C2100761E37 /* QuestionsRepository.swift */ = {isa = PBXFileReference; lastKnownFileType = sourcecode.swift; path = QuestionsRepository.swift; sourceTree = "<group>"; };
		7AF17CD32B026C9600761E37 /* QuestionsRemoteService.swift */ = {isa = PBXFileReference; lastKnownFileType = sourcecode.swift; path = QuestionsRemoteService.swift; sourceTree = "<group>"; };
		7AF17CD52B026D3D00761E37 /* LiveQuestionsRemoteService.swift */ = {isa = PBXFileReference; lastKnownFileType = sourcecode.swift; path = LiveQuestionsRemoteService.swift; sourceTree = "<group>"; };
		7AF17CD72B0270F600761E37 /* MockQuestionsRemoteService.swift */ = {isa = PBXFileReference; lastKnownFileType = sourcecode.swift; path = MockQuestionsRemoteService.swift; sourceTree = "<group>"; };
		7AF17CD92B02729200761E37 /* SurvivalModeViewViewModel.swift */ = {isa = PBXFileReference; lastKnownFileType = sourcecode.swift; path = SurvivalModeViewViewModel.swift; sourceTree = "<group>"; };
		7AF17CDC2B027F7C00761E37 /* ProgressBar.swift */ = {isa = PBXFileReference; lastKnownFileType = sourcecode.swift; path = ProgressBar.swift; sourceTree = "<group>"; };
		7AF17CDE2B0281EA00761E37 /* Answer.swift */ = {isa = PBXFileReference; lastKnownFileType = sourcecode.swift; path = Answer.swift; sourceTree = "<group>"; };
		7AF17CE02B02825F00761E37 /* QuizRowAnswer.swift */ = {isa = PBXFileReference; lastKnownFileType = sourcecode.swift; path = QuizRowAnswer.swift; sourceTree = "<group>"; };
		7AF17CE22B0286E600761E37 /* MainButton.swift */ = {isa = PBXFileReference; lastKnownFileType = sourcecode.swift; path = MainButton.swift; sourceTree = "<group>"; };
		7AF17CE62B0298D100761E37 /* QuizDetailView.swift */ = {isa = PBXFileReference; lastKnownFileType = sourcecode.swift; path = QuizDetailView.swift; sourceTree = "<group>"; };
		7AF17CE82B02994400761E37 /* QuizViewViewModel.swift */ = {isa = PBXFileReference; lastKnownFileType = sourcecode.swift; path = QuizViewViewModel.swift; sourceTree = "<group>"; };
		7AFD0BE62B076673009CC2EA /* StatsViewViewModel.swift */ = {isa = PBXFileReference; lastKnownFileType = sourcecode.swift; path = StatsViewViewModel.swift; sourceTree = "<group>"; };
/* End PBXFileReference section */

/* Begin PBXFrameworksBuildPhase section */
		7ABE2DAD2B020BDC00279C51 /* Frameworks */ = {
			isa = PBXFrameworksBuildPhase;
			buildActionMask = 2147483647;
			files = (
				7A0810AA2B1F0F9400A03301 /* SimpleToast in Frameworks */,
				7A0A00E82B0B498B00872AFF /* Lottie in Frameworks */,
			);
			runOnlyForDeploymentPostprocessing = 0;
		};
/* End PBXFrameworksBuildPhase section */

/* Begin PBXGroup section */
		7A40C0F52B15D3A000B7B31B /* Onboarding */ = {
			isa = PBXGroup;
			children = (
				7A40C0F62B15D3BD00B7B31B /* OnboardingView.swift */,
				7A947CD52B173538009A4499 /* OnboardingTabView.swift */,
				7A947CD72B17368B009A4499 /* OnboardingViewModel.swift */,
			);
			path = Onboarding;
			sourceTree = "<group>";
		};
		7A5BB8CA2B1DB839005C6C52 /* Favorites */ = {
			isa = PBXGroup;
			children = (
				7A5BB8CD2B1DB85E005C6C52 /* Local */,
			);
			path = Favorites;
			sourceTree = "<group>";
		};
		7A5BB8CD2B1DB85E005C6C52 /* Local */ = {
			isa = PBXGroup;
			children = (
				7A5BB8CE2B1DB874005C6C52 /* FavoritesLocalService.swift */,
				7A5BB8D02B1DBEEF005C6C52 /* CoreDataFavoritesLocalService.swift */,
			);
			path = Local;
			sourceTree = "<group>";
		};
		7A5BB8D22B1DBEF8005C6C52 /* CoreData */ = {
			isa = PBXGroup;
			children = (
				7A5BB8D32B1DBF53005C6C52 /* Main.xcdatamodeld */,
				7A5BB8D62B1DBF82005C6C52 /* CoreDataPersistentController.swift */,
			);
			path = CoreData;
			sourceTree = "<group>";
		};
		7A7BF1F42B066172003BB19F /* Local */ = {
			isa = PBXGroup;
			children = (
				7AAF1B772B0664AF00FDFD65 /* QuestionsLocalService.swift */,
				7A7BF1F52B0661CE003BB19F /* UserDefaultsQuestionsLocalService.swift */,
			);
			path = Local;
			sourceTree = "<group>";
		};
		7A947CCD2B1731DA009A4499 /* Onboarding */ = {
			isa = PBXGroup;
			children = (
				7A947CCE2B1731E1009A4499 /* Local */,
			);
			path = Onboarding;
			sourceTree = "<group>";
		};
		7A947CCE2B1731E1009A4499 /* Local */ = {
			isa = PBXGroup;
			children = (
				7A947CCF2B1731F3009A4499 /* OnboardingLocalService.swift */,
				7A947CD32B173359009A4499 /* UserDefaultsOnboardingLocalService.swift */,
			);
			path = Local;
			sourceTree = "<group>";
		};
		7A957E7B2B0B4B5E001A3F30 /* Animations */ = {
			isa = PBXGroup;
			children = (
				7A957E7C2B0B4BD2001A3F30 /* congratulations.json */,
			);
			path = Animations;
			sourceTree = "<group>";
		};
		7A9914B42B1DE0DE00C927FF /* FavoritesView */ = {
			isa = PBXGroup;
			children = (
				7A9914B52B1DE14400C927FF /* FavoritesView.swift */,
				7A9914B72B1DE16C00C927FF /* FavoritesViewModel.swift */,
				7A9BE64A2B22417A0096D080 /* FavoritesCardView.swift */,
				7A9BE64C2B224A670096D080 /* FavoritesDetailCardView.swift */,
			);
			path = FavoritesView;
			sourceTree = "<group>";
		};
		7ABE2DA72B020BDC00279C51 = {
			isa = PBXGroup;
			children = (
				7ABE2DB22B020BDC00279C51 /* Trivia App */,
				7ABE2DB12B020BDC00279C51 /* Products */,
			);
			sourceTree = "<group>";
		};
		7ABE2DB12B020BDC00279C51 /* Products */ = {
			isa = PBXGroup;
			children = (
				7ABE2DB02B020BDC00279C51 /* Trivia App.app */,
			);
			name = Products;
			sourceTree = "<group>";
		};
		7ABE2DB22B020BDC00279C51 /* Trivia App */ = {
			isa = PBXGroup;
			children = (
				7ABE2DB32B020BDC00279C51 /* Trivia_AppApp.swift */,
				7ABE2DB52B020BDC00279C51 /* ContentView.swift */,
				7A5ACB292B0DE6F000E54466 /* SplashScreenView.swift */,
				7ABE2DDE2B021BFB00279C51 /* Coordinator.swift */,
				7ABE2DC82B0212DD00279C51 /* Features */,
				7ABE2DCA2B0212F500279C51 /* Entities */,
				7ABE2DC92B0212E700279C51 /* Data */,
				7ABE2DC12B020DA300279C51 /* NetworkClient */,
				7AF17CDB2B027F6800761E37 /* Components */,
				7ABE2DCF2B0216F300279C51 /* Extensions */,
				7ABE2DD22B02173D00279C51 /* Resources */,
				7ABE2DB92B020BDC00279C51 /* Preview Content */,
				7ABE2DB72B020BDC00279C51 /* Assets.xcassets */,
			);
			path = "Trivia App";
			sourceTree = "<group>";
		};
		7ABE2DB92B020BDC00279C51 /* Preview Content */ = {
			isa = PBXGroup;
			children = (
				7ABE2DBA2B020BDC00279C51 /* Preview Assets.xcassets */,
			);
			path = "Preview Content";
			sourceTree = "<group>";
		};
		7ABE2DC12B020DA300279C51 /* NetworkClient */ = {
			isa = PBXGroup;
			children = (
				7ABE2DC22B020DC900279C51 /* NetworkClient.swift */,
				7ABE2DC42B020DE100279C51 /* NetworkClientError.swift */,
				7ABE2DC62B020E5700279C51 /* URLSessionNetworkClient.swift */,
			);
			path = NetworkClient;
			sourceTree = "<group>";
		};
		7ABE2DC82B0212DD00279C51 /* Features */ = {
			isa = PBXGroup;
			children = (
				7ABE2DDB2B021BAA00279C51 /* Play */,
				7ABE2DDC2B021BB600279C51 /* StatsView */,
				7A40C0F52B15D3A000B7B31B /* Onboarding */,
				7A9914B42B1DE0DE00C927FF /* FavoritesView */,
			);
			path = Features;
			sourceTree = "<group>";
		};
		7ABE2DC92B0212E700279C51 /* Data */ = {
			isa = PBXGroup;
			children = (
				7ABE2DD92B021B8A00279C51 /* Repositories */,
				7ABE2DDA2B021B9200279C51 /* Services */,
			);
			path = Data;
			sourceTree = "<group>";
		};
		7ABE2DCA2B0212F500279C51 /* Entities */ = {
			isa = PBXGroup;
			children = (
				7ABE2DCB2B02130C00279C51 /* APIResponse.swift */,
				7ABE2DCD2B02158800279C51 /* Question.swift */,
				7AF17CDE2B0281EA00761E37 /* Answer.swift */,
			);
			path = Entities;
			sourceTree = "<group>";
		};
		7ABE2DCF2B0216F300279C51 /* Extensions */ = {
			isa = PBXGroup;
			children = (
				7ABE2DD02B02170A00279C51 /* StringExtensions.swift */,
				7A03EC742B03C5E900B405F4 /* ColorExtensions.swift */,
				7A0E7BE82B14870F00B995CB /* ViewExtensions.swift */,
			);
			path = Extensions;
			sourceTree = "<group>";
		};
		7ABE2DD22B02173D00279C51 /* Resources */ = {
			isa = PBXGroup;
			children = (
				7A957E7B2B0B4B5E001A3F30 /* Animations */,
				7ADE7C1C2B050C2E008ACC60 /* Gradients.swift */,
				7ABE2DD72B02176C00279C51 /* Localizable.strings */,
			);
			path = Resources;
			sourceTree = "<group>";
		};
		7ABE2DD92B021B8A00279C51 /* Repositories */ = {
			isa = PBXGroup;
			children = (
				7AF17CCF2B026C2100761E37 /* QuestionsRepository.swift */,
				7A947CD12B17327B009A4499 /* OnboardingRepository.swift */,
				7A5BB8CB2B1DB857005C6C52 /* FavoritesRepository.swift */,
			);
			path = Repositories;
			sourceTree = "<group>";
		};
		7ABE2DDA2B021B9200279C51 /* Services */ = {
			isa = PBXGroup;
			children = (
				7A5BB8D22B1DBEF8005C6C52 /* CoreData */,
				7A5BB8CA2B1DB839005C6C52 /* Favorites */,
				7A947CCD2B1731DA009A4499 /* Onboarding */,
				7AF17CD22B026C7900761E37 /* Questions */,
			);
			path = Services;
			sourceTree = "<group>";
		};
		7ABE2DDB2B021BAA00279C51 /* Play */ = {
			isa = PBXGroup;
			children = (
				7AF17CE42B02919500761E37 /* ModeSelectorView */,
				7AF17CE52B0291B000761E37 /* QuizModeView */,
				7ABE2DE02B022E9200279C51 /* SurvivalModeView */,
			);
			path = Play;
			sourceTree = "<group>";
		};
		7ABE2DDC2B021BB600279C51 /* StatsView */ = {
			isa = PBXGroup;
			children = (
				7AA1DA6B2B0668CA0068669A /* StatsView.swift */,
				7A4B00D82B068ADA00E31462 /* StreakCardView.swift */,
				7A4B00DA2B068B6B00E31462 /* QuizHistoryRow.swift */,
				7AFD0BE62B076673009CC2EA /* StatsViewViewModel.swift */,
			);
			path = StatsView;
			sourceTree = "<group>";
		};
		7ABE2DE02B022E9200279C51 /* SurvivalModeView */ = {
			isa = PBXGroup;
			children = (
				7A03EC782B03EE3F00B405F4 /* SurvivalModeView.swift */,
				7AF17CCD2B026A1E00761E37 /* SurvivalModeDetailView.swift */,
				7AF17CD92B02729200761E37 /* SurvivalModeViewViewModel.swift */,
				7A03EC762B03E86300B405F4 /* SurvivalModeRowAnswer.swift */,
			);
			path = SurvivalModeView;
			sourceTree = "<group>";
		};
		7AF17CD12B026C6E00761E37 /* Remote */ = {
			isa = PBXGroup;
			children = (
				7AF17CD32B026C9600761E37 /* QuestionsRemoteService.swift */,
				7AF17CD52B026D3D00761E37 /* LiveQuestionsRemoteService.swift */,
				7AF17CD72B0270F600761E37 /* MockQuestionsRemoteService.swift */,
			);
			path = Remote;
			sourceTree = "<group>";
		};
		7AF17CD22B026C7900761E37 /* Questions */ = {
			isa = PBXGroup;
			children = (
				7A7BF1F42B066172003BB19F /* Local */,
				7AF17CD12B026C6E00761E37 /* Remote */,
			);
			path = Questions;
			sourceTree = "<group>";
		};
		7AF17CDB2B027F6800761E37 /* Components */ = {
			isa = PBXGroup;
			children = (
				7AF17CDC2B027F7C00761E37 /* ProgressBar.swift */,
				7AF17CE22B0286E600761E37 /* MainButton.swift */,
				7A966DC32B038BC20000946D /* CardView.swift */,
				7A482A222B067FA4002C3716 /* HeaderView.swift */,
				7A482A242B0684EE002C3716 /* CircularProgressView.swift */,
				7A0A00E92B0B49E300872AFF /* LottieView.swift */,
			);
			path = Components;
			sourceTree = "<group>";
		};
		7AF17CE42B02919500761E37 /* ModeSelectorView */ = {
			isa = PBXGroup;
			children = (
				7A38DE2A2B035D9E00CB49E3 /* ModeSelectorView.swift */,
			);
			path = ModeSelectorView;
			sourceTree = "<group>";
		};
		7AF17CE52B0291B000761E37 /* QuizModeView */ = {
			isa = PBXGroup;
			children = (
				7A966DC12B0380380000946D /* QuizView.swift */,
				7AF17CE62B0298D100761E37 /* QuizDetailView.swift */,
				7AF17CE82B02994400761E37 /* QuizViewViewModel.swift */,
				7AF17CE02B02825F00761E37 /* QuizRowAnswer.swift */,
			);
			path = QuizModeView;
			sourceTree = "<group>";
		};
/* End PBXGroup section */

/* Begin PBXNativeTarget section */
		7ABE2DAF2B020BDC00279C51 /* Trivia App */ = {
			isa = PBXNativeTarget;
			buildConfigurationList = 7ABE2DBE2B020BDC00279C51 /* Build configuration list for PBXNativeTarget "Trivia App" */;
			buildPhases = (
				7ABE2DAC2B020BDC00279C51 /* Sources */,
				7ABE2DAD2B020BDC00279C51 /* Frameworks */,
				7ABE2DAE2B020BDC00279C51 /* Resources */,
			);
			buildRules = (
			);
			dependencies = (
			);
			name = "Trivia App";
			packageProductDependencies = (
				7A0A00E72B0B498B00872AFF /* Lottie */,
				7A0810A92B1F0F9400A03301 /* SimpleToast */,
			);
			productName = "Trivia App";
			productReference = 7ABE2DB02B020BDC00279C51 /* Trivia App.app */;
			productType = "com.apple.product-type.application";
		};
/* End PBXNativeTarget section */

/* Begin PBXProject section */
		7ABE2DA82B020BDC00279C51 /* Project object */ = {
			isa = PBXProject;
			attributes = {
				BuildIndependentTargetsInParallel = 1;
				LastSwiftUpdateCheck = 1500;
				LastUpgradeCheck = 1500;
				TargetAttributes = {
					7ABE2DAF2B020BDC00279C51 = {
						CreatedOnToolsVersion = 15.0.1;
					};
				};
			};
			buildConfigurationList = 7ABE2DAB2B020BDC00279C51 /* Build configuration list for PBXProject "Trivia App" */;
			compatibilityVersion = "Xcode 14.0";
			developmentRegion = en;
			hasScannedForEncodings = 0;
			knownRegions = (
				en,
				Base,
				es,
			);
			mainGroup = 7ABE2DA72B020BDC00279C51;
			packageReferences = (
				7A0A00E62B0B498B00872AFF /* XCRemoteSwiftPackageReference "lottie-spm" */,
				7A0810A82B1F0F9400A03301 /* XCRemoteSwiftPackageReference "SimpleToast" */,
			);
			productRefGroup = 7ABE2DB12B020BDC00279C51 /* Products */;
			projectDirPath = "";
			projectRoot = "";
			targets = (
				7ABE2DAF2B020BDC00279C51 /* Trivia App */,
			);
		};
/* End PBXProject section */

/* Begin PBXResourcesBuildPhase section */
		7ABE2DAE2B020BDC00279C51 /* Resources */ = {
			isa = PBXResourcesBuildPhase;
			buildActionMask = 2147483647;
			files = (
				7ABE2DBB2B020BDC00279C51 /* Preview Assets.xcassets in Resources */,
				7A957E7D2B0B4BD2001A3F30 /* congratulations.json in Resources */,
				7ABE2DD52B02176C00279C51 /* Localizable.strings in Resources */,
				7ABE2DB82B020BDC00279C51 /* Assets.xcassets in Resources */,
			);
			runOnlyForDeploymentPostprocessing = 0;
		};
/* End PBXResourcesBuildPhase section */

/* Begin PBXSourcesBuildPhase section */
		7ABE2DAC2B020BDC00279C51 /* Sources */ = {
			isa = PBXSourcesBuildPhase;
			buildActionMask = 2147483647;
			files = (
				7A5BB8D12B1DBEEF005C6C52 /* CoreDataFavoritesLocalService.swift in Sources */,
				7A03EC772B03E86300B405F4 /* SurvivalModeRowAnswer.swift in Sources */,
				7AF17CD02B026C2100761E37 /* QuestionsRepository.swift in Sources */,
				7A03EC752B03C5E900B405F4 /* ColorExtensions.swift in Sources */,
				7ABE2DD12B02170A00279C51 /* StringExtensions.swift in Sources */,
				7AF17CD62B026D3D00761E37 /* LiveQuestionsRemoteService.swift in Sources */,
				7A5BB8CC2B1DB857005C6C52 /* FavoritesRepository.swift in Sources */,
				7ABE2DB62B020BDC00279C51 /* ContentView.swift in Sources */,
				7A947CD42B173359009A4499 /* UserDefaultsOnboardingLocalService.swift in Sources */,
				7A947CD62B173538009A4499 /* OnboardingTabView.swift in Sources */,
				7A7BF1F62B0661CE003BB19F /* UserDefaultsQuestionsLocalService.swift in Sources */,
				7A0E7BE92B14870F00B995CB /* ViewExtensions.swift in Sources */,
				7ABE2DB42B020BDC00279C51 /* Trivia_AppApp.swift in Sources */,
				7A5BB8D72B1DBF82005C6C52 /* CoreDataPersistentController.swift in Sources */,
				7A03EC792B03EE3F00B405F4 /* SurvivalModeView.swift in Sources */,
				7A5BB8CF2B1DB874005C6C52 /* FavoritesLocalService.swift in Sources */,
				7ABE2DC52B020DE100279C51 /* NetworkClientError.swift in Sources */,
				7A947CD02B1731F3009A4499 /* OnboardingLocalService.swift in Sources */,
				7A9BE64B2B22417A0096D080 /* FavoritesCardView.swift in Sources */,
				7A482A252B0684EE002C3716 /* CircularProgressView.swift in Sources */,
				7A5ACB2A2B0DE6F000E54466 /* SplashScreenView.swift in Sources */,
				7A947CD22B17327B009A4499 /* OnboardingRepository.swift in Sources */,
				7A40C0F72B15D3BD00B7B31B /* OnboardingView.swift in Sources */,
				7A4B00DB2B068B6B00E31462 /* QuizHistoryRow.swift in Sources */,
				7A966DC22B0380380000946D /* QuizView.swift in Sources */,
				7A38DE2B2B035D9E00CB49E3 /* ModeSelectorView.swift in Sources */,
				7AF17CE92B02994400761E37 /* QuizViewViewModel.swift in Sources */,
				7AAF1B782B0664AF00FDFD65 /* QuestionsLocalService.swift in Sources */,
				7AF17CDD2B027F7C00761E37 /* ProgressBar.swift in Sources */,
				7A9BE64D2B224A670096D080 /* FavoritesDetailCardView.swift in Sources */,
				7A482A232B067FA4002C3716 /* HeaderView.swift in Sources */,
				7AF17CDF2B0281EA00761E37 /* Answer.swift in Sources */,
				7ABE2DC32B020DC900279C51 /* NetworkClient.swift in Sources */,
				7ABE2DC72B020E5700279C51 /* URLSessionNetworkClient.swift in Sources */,
				7AF17CD82B0270F600761E37 /* MockQuestionsRemoteService.swift in Sources */,
				7A9914B82B1DE16C00C927FF /* FavoritesViewModel.swift in Sources */,
				7ABE2DCE2B02158800279C51 /* Question.swift in Sources */,
				7A4B00D92B068ADA00E31462 /* StreakCardView.swift in Sources */,
				7ABE2DCC2B02130C00279C51 /* APIResponse.swift in Sources */,
				7ADE7C1D2B050C2E008ACC60 /* Gradients.swift in Sources */,
				7AA1DA6C2B0668CA0068669A /* StatsView.swift in Sources */,
				7AF17CDA2B02729200761E37 /* SurvivalModeViewViewModel.swift in Sources */,
				7A0A00EA2B0B49E300872AFF /* LottieView.swift in Sources */,
				7AF17CE32B0286E600761E37 /* MainButton.swift in Sources */,
				7AF17CE12B02825F00761E37 /* QuizRowAnswer.swift in Sources */,
				7AF17CCE2B026A1E00761E37 /* SurvivalModeDetailView.swift in Sources */,
				7AF17CE72B0298D100761E37 /* QuizDetailView.swift in Sources */,
				7A947CD82B17368B009A4499 /* OnboardingViewModel.swift in Sources */,
				7ABE2DDF2B021BFB00279C51 /* Coordinator.swift in Sources */,
				7AFD0BE72B076673009CC2EA /* StatsViewViewModel.swift in Sources */,
				7A9914B62B1DE14400C927FF /* FavoritesView.swift in Sources */,
				7A5BB8D52B1DBF53005C6C52 /* Main.xcdatamodeld in Sources */,
				7A966DC42B038BC20000946D /* CardView.swift in Sources */,
				7AF17CD42B026C9600761E37 /* QuestionsRemoteService.swift in Sources */,
			);
			runOnlyForDeploymentPostprocessing = 0;
		};
/* End PBXSourcesBuildPhase section */

/* Begin PBXVariantGroup section */
		7ABE2DD72B02176C00279C51 /* Localizable.strings */ = {
			isa = PBXVariantGroup;
			children = (
				7ABE2DD62B02176C00279C51 /* en */,
				7ABE2DD82B02176D00279C51 /* es */,
			);
			name = Localizable.strings;
			sourceTree = "<group>";
		};
/* End PBXVariantGroup section */

/* Begin XCBuildConfiguration section */
		7ABE2DBC2B020BDC00279C51 /* Debug */ = {
			isa = XCBuildConfiguration;
			buildSettings = {
				ALWAYS_SEARCH_USER_PATHS = NO;
				ASSETCATALOG_COMPILER_GENERATE_SWIFT_ASSET_SYMBOL_EXTENSIONS = YES;
				CLANG_ANALYZER_NONNULL = YES;
				CLANG_ANALYZER_NUMBER_OBJECT_CONVERSION = YES_AGGRESSIVE;
				CLANG_CXX_LANGUAGE_STANDARD = "gnu++20";
				CLANG_ENABLE_MODULES = YES;
				CLANG_ENABLE_OBJC_ARC = YES;
				CLANG_ENABLE_OBJC_WEAK = YES;
				CLANG_WARN_BLOCK_CAPTURE_AUTORELEASING = YES;
				CLANG_WARN_BOOL_CONVERSION = YES;
				CLANG_WARN_COMMA = YES;
				CLANG_WARN_CONSTANT_CONVERSION = YES;
				CLANG_WARN_DEPRECATED_OBJC_IMPLEMENTATIONS = YES;
				CLANG_WARN_DIRECT_OBJC_ISA_USAGE = YES_ERROR;
				CLANG_WARN_DOCUMENTATION_COMMENTS = YES;
				CLANG_WARN_EMPTY_BODY = YES;
				CLANG_WARN_ENUM_CONVERSION = YES;
				CLANG_WARN_INFINITE_RECURSION = YES;
				CLANG_WARN_INT_CONVERSION = YES;
				CLANG_WARN_NON_LITERAL_NULL_CONVERSION = YES;
				CLANG_WARN_OBJC_IMPLICIT_RETAIN_SELF = YES;
				CLANG_WARN_OBJC_LITERAL_CONVERSION = YES;
				CLANG_WARN_OBJC_ROOT_CLASS = YES_ERROR;
				CLANG_WARN_QUOTED_INCLUDE_IN_FRAMEWORK_HEADER = YES;
				CLANG_WARN_RANGE_LOOP_ANALYSIS = YES;
				CLANG_WARN_STRICT_PROTOTYPES = YES;
				CLANG_WARN_SUSPICIOUS_MOVE = YES;
				CLANG_WARN_UNGUARDED_AVAILABILITY = YES_AGGRESSIVE;
				CLANG_WARN_UNREACHABLE_CODE = YES;
				CLANG_WARN__DUPLICATE_METHOD_MATCH = YES;
				COPY_PHASE_STRIP = NO;
				DEBUG_INFORMATION_FORMAT = dwarf;
				ENABLE_STRICT_OBJC_MSGSEND = YES;
				ENABLE_TESTABILITY = YES;
				ENABLE_USER_SCRIPT_SANDBOXING = YES;
				GCC_C_LANGUAGE_STANDARD = gnu17;
				GCC_DYNAMIC_NO_PIC = NO;
				GCC_NO_COMMON_BLOCKS = YES;
				GCC_OPTIMIZATION_LEVEL = 0;
				GCC_PREPROCESSOR_DEFINITIONS = (
					"DEBUG=1",
					"$(inherited)",
				);
				GCC_WARN_64_TO_32_BIT_CONVERSION = YES;
				GCC_WARN_ABOUT_RETURN_TYPE = YES_ERROR;
				GCC_WARN_UNDECLARED_SELECTOR = YES;
				GCC_WARN_UNINITIALIZED_AUTOS = YES_AGGRESSIVE;
				GCC_WARN_UNUSED_FUNCTION = YES;
				GCC_WARN_UNUSED_VARIABLE = YES;
				IPHONEOS_DEPLOYMENT_TARGET = 17.0;
				LOCALIZATION_PREFERS_STRING_CATALOGS = YES;
				MTL_ENABLE_DEBUG_INFO = INCLUDE_SOURCE;
				MTL_FAST_MATH = YES;
				ONLY_ACTIVE_ARCH = YES;
				SDKROOT = iphoneos;
				SWIFT_ACTIVE_COMPILATION_CONDITIONS = "DEBUG $(inherited)";
				SWIFT_OPTIMIZATION_LEVEL = "-Onone";
			};
			name = Debug;
		};
		7ABE2DBD2B020BDC00279C51 /* Release */ = {
			isa = XCBuildConfiguration;
			buildSettings = {
				ALWAYS_SEARCH_USER_PATHS = NO;
				ASSETCATALOG_COMPILER_GENERATE_SWIFT_ASSET_SYMBOL_EXTENSIONS = YES;
				CLANG_ANALYZER_NONNULL = YES;
				CLANG_ANALYZER_NUMBER_OBJECT_CONVERSION = YES_AGGRESSIVE;
				CLANG_CXX_LANGUAGE_STANDARD = "gnu++20";
				CLANG_ENABLE_MODULES = YES;
				CLANG_ENABLE_OBJC_ARC = YES;
				CLANG_ENABLE_OBJC_WEAK = YES;
				CLANG_WARN_BLOCK_CAPTURE_AUTORELEASING = YES;
				CLANG_WARN_BOOL_CONVERSION = YES;
				CLANG_WARN_COMMA = YES;
				CLANG_WARN_CONSTANT_CONVERSION = YES;
				CLANG_WARN_DEPRECATED_OBJC_IMPLEMENTATIONS = YES;
				CLANG_WARN_DIRECT_OBJC_ISA_USAGE = YES_ERROR;
				CLANG_WARN_DOCUMENTATION_COMMENTS = YES;
				CLANG_WARN_EMPTY_BODY = YES;
				CLANG_WARN_ENUM_CONVERSION = YES;
				CLANG_WARN_INFINITE_RECURSION = YES;
				CLANG_WARN_INT_CONVERSION = YES;
				CLANG_WARN_NON_LITERAL_NULL_CONVERSION = YES;
				CLANG_WARN_OBJC_IMPLICIT_RETAIN_SELF = YES;
				CLANG_WARN_OBJC_LITERAL_CONVERSION = YES;
				CLANG_WARN_OBJC_ROOT_CLASS = YES_ERROR;
				CLANG_WARN_QUOTED_INCLUDE_IN_FRAMEWORK_HEADER = YES;
				CLANG_WARN_RANGE_LOOP_ANALYSIS = YES;
				CLANG_WARN_STRICT_PROTOTYPES = YES;
				CLANG_WARN_SUSPICIOUS_MOVE = YES;
				CLANG_WARN_UNGUARDED_AVAILABILITY = YES_AGGRESSIVE;
				CLANG_WARN_UNREACHABLE_CODE = YES;
				CLANG_WARN__DUPLICATE_METHOD_MATCH = YES;
				COPY_PHASE_STRIP = NO;
				DEBUG_INFORMATION_FORMAT = "dwarf-with-dsym";
				ENABLE_NS_ASSERTIONS = NO;
				ENABLE_STRICT_OBJC_MSGSEND = YES;
				ENABLE_USER_SCRIPT_SANDBOXING = YES;
				GCC_C_LANGUAGE_STANDARD = gnu17;
				GCC_NO_COMMON_BLOCKS = YES;
				GCC_WARN_64_TO_32_BIT_CONVERSION = YES;
				GCC_WARN_ABOUT_RETURN_TYPE = YES_ERROR;
				GCC_WARN_UNDECLARED_SELECTOR = YES;
				GCC_WARN_UNINITIALIZED_AUTOS = YES_AGGRESSIVE;
				GCC_WARN_UNUSED_FUNCTION = YES;
				GCC_WARN_UNUSED_VARIABLE = YES;
				IPHONEOS_DEPLOYMENT_TARGET = 17.0;
				LOCALIZATION_PREFERS_STRING_CATALOGS = YES;
				MTL_ENABLE_DEBUG_INFO = NO;
				MTL_FAST_MATH = YES;
				SDKROOT = iphoneos;
				SWIFT_COMPILATION_MODE = wholemodule;
				VALIDATE_PRODUCT = YES;
			};
			name = Release;
		};
		7ABE2DBF2B020BDC00279C51 /* Debug */ = {
			isa = XCBuildConfiguration;
			buildSettings = {
				ASSETCATALOG_COMPILER_APPICON_NAME = AppIcon;
				ASSETCATALOG_COMPILER_GLOBAL_ACCENT_COLOR_NAME = AccentColor;
				CODE_SIGN_STYLE = Automatic;
				CURRENT_PROJECT_VERSION = 1;
				DEVELOPMENT_ASSET_PATHS = "\"Trivia App/Preview Content\"";
				ENABLE_PREVIEWS = YES;
				GENERATE_INFOPLIST_FILE = YES;
				INFOPLIST_KEY_UIApplicationSceneManifest_Generation = YES;
				INFOPLIST_KEY_UIApplicationSupportsIndirectInputEvents = YES;
				INFOPLIST_KEY_UILaunchScreen_Generation = YES;
				INFOPLIST_KEY_UIStatusBarStyle = "";
				INFOPLIST_KEY_UISupportedInterfaceOrientations = UIInterfaceOrientationPortrait;
				INFOPLIST_KEY_UISupportedInterfaceOrientations_iPad = "UIInterfaceOrientationLandscapeLeft UIInterfaceOrientationLandscapeRight UIInterfaceOrientationPortrait UIInterfaceOrientationPortraitUpsideDown";
				LD_RUNPATH_SEARCH_PATHS = (
					"$(inherited)",
					"@executable_path/Frameworks",
				);
				MARKETING_VERSION = 1.0;
				PRODUCT_BUNDLE_IDENTIFIER = "hiberus.Trivia-App";
				PRODUCT_NAME = "$(TARGET_NAME)";
				SUPPORTED_PLATFORMS = "iphoneos iphonesimulator";
				SUPPORTS_MACCATALYST = NO;
				SWIFT_EMIT_LOC_STRINGS = YES;
				SWIFT_VERSION = 5.0;
				TARGETED_DEVICE_FAMILY = 1;
			};
			name = Debug;
		};
		7ABE2DC02B020BDC00279C51 /* Release */ = {
			isa = XCBuildConfiguration;
			buildSettings = {
				ASSETCATALOG_COMPILER_APPICON_NAME = AppIcon;
				ASSETCATALOG_COMPILER_GLOBAL_ACCENT_COLOR_NAME = AccentColor;
				CODE_SIGN_STYLE = Automatic;
				CURRENT_PROJECT_VERSION = 1;
				DEVELOPMENT_ASSET_PATHS = "\"Trivia App/Preview Content\"";
				ENABLE_PREVIEWS = YES;
				GENERATE_INFOPLIST_FILE = YES;
				INFOPLIST_KEY_UIApplicationSceneManifest_Generation = YES;
				INFOPLIST_KEY_UIApplicationSupportsIndirectInputEvents = YES;
				INFOPLIST_KEY_UILaunchScreen_Generation = YES;
				INFOPLIST_KEY_UIStatusBarStyle = "";
				INFOPLIST_KEY_UISupportedInterfaceOrientations = UIInterfaceOrientationPortrait;
				INFOPLIST_KEY_UISupportedInterfaceOrientations_iPad = "UIInterfaceOrientationLandscapeLeft UIInterfaceOrientationLandscapeRight UIInterfaceOrientationPortrait UIInterfaceOrientationPortraitUpsideDown";
				LD_RUNPATH_SEARCH_PATHS = (
					"$(inherited)",
					"@executable_path/Frameworks",
				);
				MARKETING_VERSION = 1.0;
				PRODUCT_BUNDLE_IDENTIFIER = "hiberus.Trivia-App";
				PRODUCT_NAME = "$(TARGET_NAME)";
				SUPPORTED_PLATFORMS = "iphoneos iphonesimulator";
				SUPPORTS_MACCATALYST = NO;
				SWIFT_EMIT_LOC_STRINGS = YES;
				SWIFT_VERSION = 5.0;
				TARGETED_DEVICE_FAMILY = 1;
			};
			name = Release;
		};
/* End XCBuildConfiguration section */

/* Begin XCConfigurationList section */
		7ABE2DAB2B020BDC00279C51 /* Build configuration list for PBXProject "Trivia App" */ = {
			isa = XCConfigurationList;
			buildConfigurations = (
				7ABE2DBC2B020BDC00279C51 /* Debug */,
				7ABE2DBD2B020BDC00279C51 /* Release */,
			);
			defaultConfigurationIsVisible = 0;
			defaultConfigurationName = Release;
		};
		7ABE2DBE2B020BDC00279C51 /* Build configuration list for PBXNativeTarget "Trivia App" */ = {
			isa = XCConfigurationList;
			buildConfigurations = (
				7ABE2DBF2B020BDC00279C51 /* Debug */,
				7ABE2DC02B020BDC00279C51 /* Release */,
			);
			defaultConfigurationIsVisible = 0;
			defaultConfigurationName = Release;
		};
/* End XCConfigurationList section */

/* Begin XCRemoteSwiftPackageReference section */
		7A0810A82B1F0F9400A03301 /* XCRemoteSwiftPackageReference "SimpleToast" */ = {
			isa = XCRemoteSwiftPackageReference;
			repositoryURL = "https://github.com/sanzaru/SimpleToast";
			requirement = {
				kind = upToNextMajorVersion;
				minimumVersion = 0.8.1;
			};
		};
		7A0A00E62B0B498B00872AFF /* XCRemoteSwiftPackageReference "lottie-spm" */ = {
			isa = XCRemoteSwiftPackageReference;
			repositoryURL = "https://github.com/airbnb/lottie-spm.git";
			requirement = {
				kind = upToNextMajorVersion;
				minimumVersion = 4.3.3;
			};
		};
/* End XCRemoteSwiftPackageReference section */

/* Begin XCSwiftPackageProductDependency section */
		7A0810A92B1F0F9400A03301 /* SimpleToast */ = {
			isa = XCSwiftPackageProductDependency;
			package = 7A0810A82B1F0F9400A03301 /* XCRemoteSwiftPackageReference "SimpleToast" */;
			productName = SimpleToast;
		};
		7A0A00E72B0B498B00872AFF /* Lottie */ = {
			isa = XCSwiftPackageProductDependency;
			package = 7A0A00E62B0B498B00872AFF /* XCRemoteSwiftPackageReference "lottie-spm" */;
			productName = Lottie;
		};
/* End XCSwiftPackageProductDependency section */

/* Begin XCVersionGroup section */
		7A5BB8D32B1DBF53005C6C52 /* Main.xcdatamodeld */ = {
			isa = XCVersionGroup;
			children = (
				7A5BB8D42B1DBF53005C6C52 /* Main.xcdatamodel */,
			);
			currentVersion = 7A5BB8D42B1DBF53005C6C52 /* Main.xcdatamodel */;
			path = Main.xcdatamodeld;
			sourceTree = "<group>";
			versionGroupType = wrapper.xcdatamodel;
		};
/* End XCVersionGroup section */
	};
	rootObject = 7ABE2DA82B020BDC00279C51 /* Project object */;
}
